
Microsoft Visual Studio Solution File, Format Version 12.00
# Visual Studio Version 16
VisualStudioVersion = 16.0.31424.327
MinimumVisualStudioVersion = 10.0.40219.1
Project("{FAE04EC0-301F-11D3-BF4B-00C04F79EFBC}") = "Server", "Server\Server.csproj", "{70C2FCD3-5A12-4DBD-90BC-F94E2D47760D}"
EndProject
Project("{FAE04EC0-301F-11D3-BF4B-00C04F79EFBC}") = "Client", "Client\Client.csproj", "{93675275-5431-44C2-9DBC-461A8808B42B}"
EndProject
Global
	GlobalSection(SolutionConfigurationPlatforms) = preSolution
		Debug|Any CPU = Debug|Any CPU
		Release|Any CPU = Release|Any CPU
	EndGlobalSection
	GlobalSection(ProjectConfigurationPlatforms) = postSolution
		{70C2FCD3-5A12-4DBD-90BC-F94E2D47760D}.Debug|Any CPU.ActiveCfg = Debug|Any CPU
		{70C2FCD3-5A12-4DBD-90BC-F94E2D47760D}.Debug|Any CPU.Build.0 = Debug|Any CPU
		{70C2FCD3-5A12-4DBD-90BC-F94E2D47760D}.Release|Any CPU.ActiveCfg = Release|Any CPU
		{70C2FCD3-5A12-4DBD-90BC-F94E2D47760D}.Release|Any CPU.Build.0 = Release|Any CPU
		{93675275-5431-44C2-9DBC-461A8808B42B}.Debug|Any CPU.ActiveCfg = Debug|Any CPU
		{93675275-5431-44C2-9DBC-461A8808B42B}.Debug|Any CPU.Build.0 = Debug|Any CPU
		{93675275-5431-44C2-9DBC-461A8808B42B}.Release|Any CPU.ActiveCfg = Release|Any CPU
		{93675275-5431-44C2-9DBC-461A8808B42B}.Release|Any CPU.Build.0 = Release|Any CPU
	EndGlobalSection
	GlobalSection(SolutionProperties) = preSolution
		HideSolutionNode = FALSE
	EndGlobalSection
	GlobalSection(ExtensibilityGlobals) = postSolution
		SolutionGuid = {C54DE6FB-DF72-489B-8BE2-C78BA1F00E5C}
	EndGlobalSection
EndGlobal
